buf.build/gen/go/bufbuild/protovalidate/protocolbuffers/go v1.34.1-20240401165935-b983156c5e99.1 h1:npqzxtoNbSdWs7XBDzqvqA1ANrQQGc8QpN0zFq9sVHA=
buf.build/gen/go/bufbuild/protovalidate/protocolbuffers/go v1.34.1-20240401165935-b983156c5e99.1/go.mod h1:XF+P8+RmfdufmIYpGUC+6bF7S+IlmHDEnCrO3OXaUAQ=
buf.build/gen/go/dgroux/newsteam/connectrpc/go v1.15.0-20240320111905-f49b84183653.1 h1:3T1O7lJPi8ce+B4+X55NCr6we4vUUZK6b8tQXakyseY=
buf.build/gen/go/dgroux/newsteam/connectrpc/go v1.15.0-20240320111905-f49b84183653.1/go.mod h1:jIBFhptEHwcetGKm8SN3/uTzPfNThV2lDT1sjeF3nlw=
buf.build/gen/go/dgroux/newsteam/connectrpc/go v1.16.0-20240320111905-f49b84183653.1 h1:uyAaGI9RsM8wL+YH9Y6r7jTmJapt8AOi3iV98hs5MHY=
buf.build/gen/go/dgroux/newsteam/connectrpc/go v1.16.0-20240320111905-f49b84183653.1/go.mod h1:MmaDPLOwULQmC99TCJ0zpKX5B15MbKD/a3/SN2tLziU=
buf.build/gen/go/dgroux/newsteam/connectrpc/go v1.16.1-20240508125136-efb39b059004.1 h1:Ul8y+bojXBsHkg60++rIuLQefw0lKwDNMhRAU0FACyA=
buf.build/gen/go/dgroux/newsteam/connectrpc/go v1.16.1-20240508125136-efb39b059004.1/go.mod h1:PBpBvZp1VF+JiX6bsd6skkFBhZgxlDqh5FMKhBQKPyU=
buf.build/gen/go/dgroux/newsteam/protocolbuffers/go v1.33.0-20240320111905-f49b84183653.1 h1:prAxElQqBFN8sQxbfK/KAZnG1yKoj8qZR4hnm84NhkQ=
buf.build/gen/go/dgroux/newsteam/protocolbuffers/go v1.33.0-20240320111905-f49b84183653.1/go.mod h1:vW7UVmXRfKK6rzpsmoza0QQ5AexSUc9zpU9tvN1j8/Y=
buf.build/gen/go/dgroux/newsteam/protocolbuffers/go v1.33.0-20240327183023-3fd79d7c067c.1 h1:VBA79KhelW2v5h7q4+5LJJvZ7lI8Em7s447PXPPa1TA=
buf.build/gen/go/dgroux/newsteam/protocolbuffers/go v1.33.0-20240327183023-3fd79d7c067c.1/go.mod h1:vW7UVmXRfKK6rzpsmoza0QQ5AexSUc9zpU9tvN1j8/Y=
buf.build/gen/go/dgroux/newsteam/protocolbuffers/go v1.34.1-20240508125136-efb39b059004.1 h1:sWEt2utspJNhT+re4dmdYB38ZESUz3W/eMoEym6pX/Q=
buf.build/gen/go/dgroux/newsteam/protocolbuffers/go v1.34.1-20240508125136-efb39b059004.1/go.mod h1:PVRiFnoL1N5QyC/57pn//DQF2nNGBvpz2V0vTYp8CFY=
buf.build/gen/go/envoyproxy/protoc-gen-validate/protocolbuffers/go v1.33.0-20221025150516-6607b10f00ed.1/go.mod h1:apjwWKylcuU5DqGjri3Eay0h0gSlAHRzpwv7UaqA5uk=
buf.build/gen/go/envoyproxy/protoc-gen-validate/protocolbuffers/go v1.33.0-20231130202533-71881f09a0c5.1 h1:wmgmrzdg2lg0I9opI1B9iSVNds6i6PXPU1mlyWA/NsA=
buf.build/gen/go/envoyproxy/protoc-gen-validate/protocolbuffers/go v1.33.0-20231130202533-71881f09a0c5.1/go.mod h1:apjwWKylcuU5DqGjri3Eay0h0gSlAHRzpwv7UaqA5uk=
buf.build/gen/go/envoyproxy/protoc-gen-validate/protocolbuffers/go v1.34.1-20240411200738-ea113bc841fa.1 h1:3VjiFGPQssqOoVcwuhF6WPmvToP5DbzwPAYBLSdhkPg=
buf.build/gen/go/envoyproxy/protoc-gen-validate/protocolbuffers/go v1.34.1-20240411200738-ea113bc841fa.1/go.mod h1:9s9jYaHBi5xip+grQBXv6rvaYrD07kzDTkOeDthQ1SA=
connectrpc.com/connect v1.15.0 h1:lFdeCbZrVVDydAqwr4xGV2y+ULn+0Z73s5JBj2LikWo=
connectrpc.com/connect v1.15.0/go.mod h1:bQmjpDY8xItMnttnurVgOkHUBMRT9cpsNi2O4AjKhmA=
connectrpc.com/connect v1.16.0 h1:rdtfQjZ0OyFkWPTegBNcH7cwquGAN1WzyJy80oFNibg=
connectrpc.com/connect v1.16.0/go.mod h1:XpZAduBQUySsb4/KO5JffORVkDI4B6/EYPi7N8xpNZw=
connectrpc.com/connect v1.16.1 h1:rOdrK/RTI/7TVnn3JsVxt3n028MlTRwmK5Q4heSpjis=
connectrpc.com/connect v1.16.1/go.mod h1:XpZAduBQUySsb4/KO5JffORVkDI4B6/EYPi7N8xpNZw=
github.com/fatih/color v1.16.0 h1:zmkK9Ngbjj+K0yRhTVONQh1p/HknKYSlNT+vZCzyokM=
github.com/fatih/color v1.16.0/go.mod h1:fL2Sau1YI5c0pdGEVCbKQbLXB6edEj1ZgiY4NijnWvE=
github.com/golang/protobuf v1.5.0/go.mod h1:FsONVRAS9T7sI+LIUmWTfcYkHO4aIWwzhcaSAoJOfIk=
github.com/google/go-cmp v0.5.5/go.mod h1:v8dTdLbMG2kIc/vJvl+f65V22dbkXbowE6jgT/gNBxE=
github.com/google/go-cmp v0.5.9 h1:O2Tfq5qg4qc4AmwVlvv0oLiVAGB7enBSJ2x2DqQFi38=
github.com/google/go-cmp v0.5.9/go.mod h1:17dUlkBOakJ0+DkrSSNjCkIjxS6bF9zb3elmeNGIjoY=
github.com/google/uuid v1.6.0 h1:NIvaJDMOsjHA8n1jAhLSgzrAzy1Hgr+hNrb57e+94F0=
github.com/google/uuid v1.6.0/go.mod h1:TIyPZe4MgqvfeYDBFedMoGGpEw/LqOeaOT+nhxU+yHo=
github.com/mattn/go-colorable v0.1.13 h1:fFA4WZxdEF4tXPZVKMLwD8oUnCTTo08duU7wxecdEvA=
github.com/mattn/go-colorable v0.1.13/go.mod h1:7S9/ev0klgBDR4GtXTXX8a3vIGJpMovkB8vQcUbaXHg=
github.com/mattn/go-isatty v0.0.16/go.mod h1:kYGgaQfpe5nmfYZH+SKPsOc2e4SrIfOl2e/yFXSvRLM=
github.com/mattn/go-isatty v0.0.20 h1:xfD0iDuEKnDkl03q4limB+vH+GxLEtL/jb4xVJSWWEY=
github.com/mattn/go-isatty v0.0.20/go.mod h1:W+V8PltTTMOvKvAeJH7IuucS94S2C6jfK/D7dTCTo3Y=
github.com/mitchellh/mapstructure v1.5.0 h1:jeMsZIYE/09sWLaz43PL7Gy6RuMjD2eJVyuac5Z2hdY=
github.com/mitchellh/mapstructure v1.5.0/go.mod h1:bFUtVrKA4DC2yAKiSyO/QUcy7e+RRV2QTWOzhPopBRo=
github.com/pkg/errors v0.9.1 h1:FEBLx1zS214owpjy7qsBeixbURkuhQAwrK5UwLGTwt4=
github.com/pkg/errors v0.9.1/go.mod h1:bwawxfHBFNV+L2hUp1rHADufV3IMtnDRdf1r5NINEl0=
golang.org/x/net v0.22.0 h1:9sGLhx7iRIHEiX0oAJ3MRZMUCElJgy7Br1nO+AMN3Tc=
golang.org/x/net v0.22.0/go.mod h1:JKghWKKOSdJwpW2GEx0Ja7fmaKnMsbu+MWVZTokSYmg=
golang.org/x/net v0.25.0 h1:d/OCCoBEUq33pjydKrGQhw7IlUPI2Oylr+8qLx49kac=
golang.org/x/net v0.25.0/go.mod h1:JkAGAh7GEvH74S6FOH42FLoXpXbE/aqXSrIQjXgsiwM=
golang.org/x/sys v0.0.0-20220811171246-fbc7d0a398ab/go.mod h1:oPkhp1MJrh7nUepCBck5+mAzfO9JrbApNNgaTdGDITg=
golang.org/x/sys v0.6.0/go.mod h1:oPkhp1MJrh7nUepCBck5+mAzfO9JrbApNNgaTdGDITg=
golang.org/x/sys v0.18.0 h1:DBdB3niSjOA/O0blCZBqDefyWNYveAYMNF1Wum0DYQ4=
golang.org/x/sys v0.18.0/go.mod h1:/VUhepiaJMQUp4+oa/7Zr1D23ma6VTLIYjOOTFZPUcA=
golang.org/x/sys v0.20.0 h1:Od9JTbYCk261bKm4M/mw7AklTlFYIa0bIp9BgSm1S8Y=
golang.org/x/sys v0.20.0/go.mod h1:/VUhepiaJMQUp4+oa/7Zr1D23ma6VTLIYjOOTFZPUcA=
golang.org/x/text v0.14.0 h1:ScX5w1eTa3QqT8oi6+ziP7dTV1S2+ALU0bI+0zXKWiQ=
golang.org/x/text v0.14.0/go.mod h1:18ZOQIKpY8NJVqYksKHtTdi31H5itFRjB5/qKTNYzSU=
golang.org/x/text v0.15.0 h1:h1V/4gjBv8v9cjcR6+AR5+/cIYK5N/WAgiv4xlsEtAk=
golang.org/x/text v0.15.0/go.mod h1:18ZOQIKpY8NJVqYksKHtTdi31H5itFRjB5/qKTNYzSU=
golang.org/x/xerrors v0.0.0-20191204190536-9bdfabe68543/go.mod h1:I/5z698sn9Ka8TeJc9MKroUUfqBBauWjQqLJ2OPfmY0=
google.golang.org/protobuf v1.26.0-rc.1/go.mod h1:jlhhOSvTdKEhbULTjvd4ARK9grFBp09yW+WbY/TyQbw=
google.golang.org/protobuf v1.33.0 h1:uNO2rsAINq/JlFpSdYEKIZ0uKD/R9cpdv0T+yoGwGmI=
google.golang.org/protobuf v1.33.0/go.mod h1:c6P6GXX6sHbq/GpV6MGZEdwhWPcYBgnhAHhKbcUYpos=
google.golang.org/protobuf v1.34.1 h1:9ddQBjfCyZPOHPUiPxpYESBLc+T8P3E+Vo4IbKZgFWg=
google.golang.org/protobuf v1.34.1/go.mod h1:c6P6GXX6sHbq/GpV6MGZEdwhWPcYBgnhAHhKbcUYpos=
